
Microsoft Visual Studio Solution File, Format Version 11.00
# Visual Studio 2010
Project("{FAE04EC0-301F-11D3-BF4B-00C04F79EFBC}") = "SampleLocalization", "SampleLocalization\SampleLocalization.csproj", "{339B184D-F318-41B1-9FB5-9D39C88B50E0}"
EndProject
Global
	GlobalSection(SolutionConfigurationPlatforms) = preSolution
		Debug|Any CPU = Debug|Any CPU
		Release|Any CPU = Release|Any CPU
	EndGlobalSection
	GlobalSection(ProjectConfigurationPlatforms) = postSolution
		{339B184D-F318-41B1-9FB5-9D39C88B50E0}.Debug|Any CPU.ActiveCfg = Debug|Any CPU
		{339B184D-F318-41B1-9FB5-9D39C88B50E0}.Debug|Any CPU.Build.0 = Debug|Any CPU
		{339B184D-F318-41B1-9FB5-9D39C88B50E0}.Debug|Any CPU.Deploy.0 = Debug|Any CPU
		{339B184D-F318-41B1-9FB5-9D39C88B50E0}.Release|Any CPU.ActiveCfg = Release|Any CPU
		{339B184D-F318-41B1-9FB5-9D39C88B50E0}.Release|Any CPU.Build.0 = Release|Any CPU
		{339B184D-F318-41B1-9FB5-9D39C88B50E0}.Release|Any CPU.Deploy.0 = Release|Any CPU
	EndGlobalSection
	GlobalSection(SolutionProperties) = preSolution
		HideSolutionNode = FALSE
	EndGlobalSection
EndGlobal
